
Microsoft Visual Studio Solution File, Format Version 12.00
# Visual Studio Version 16
VisualStudioVersion = 16.0.30611.23
MinimumVisualStudioVersion = 10.0.40219.1
Project("{FAE04EC0-301F-11D3-BF4B-00C04F79EFBC}") = "kovacs_geza_tamas_lab8", "kovacs_geza_tamas_lab8.csproj", "{F775E20F-7C79-4933-BB11-9C6908BA396C}"
EndProject
Global
	GlobalSection(SolutionConfigurationPlatforms) = preSolution
		Debug|Any CPU = Debug|Any CPU
		Release|Any CPU = Release|Any CPU
	EndGlobalSection
	GlobalSection(ProjectConfigurationPlatforms) = postSolution
		{F775E20F-7C79-4933-BB11-9C6908BA396C}.Debug|Any CPU.ActiveCfg = Debug|Any CPU
		{F775E20F-7C79-4933-BB11-9C6908BA396C}.Debug|Any CPU.Build.0 = Debug|Any CPU
		{F775E20F-7C79-4933-BB11-9C6908BA396C}.Release|Any CPU.ActiveCfg = Release|Any CPU
		{F775E20F-7C79-4933-BB11-9C6908BA396C}.Release|Any CPU.Build.0 = Release|Any CPU
	EndGlobalSection
	GlobalSection(SolutionProperties) = preSolution
		HideSolutionNode = FALSE
	EndGlobalSection
	GlobalSection(ExtensibilityGlobals) = postSolution
		SolutionGuid = {5ADF88C2-1B02-476B-9D42-ACF6952AF016}
	EndGlobalSection
EndGlobal
