
Microsoft Visual Studio Solution File, Format Version 12.00
# Visual Studio Version 16
VisualStudioVersion = 16.0.30611.23
MinimumVisualStudioVersion = 10.0.40219.1
Project("{FAE04EC0-301F-11D3-BF4B-00C04F79EFBC}") = "kovacs_geza_tamas_lab2", "kovacs_geza_tamas_lab2.csproj", "{5B79A9B1-AB27-4944-B5D6-2EC5A83B1E2E}"
EndProject
Global
	GlobalSection(SolutionConfigurationPlatforms) = preSolution
		Debug|Any CPU = Debug|Any CPU
		Release|Any CPU = Release|Any CPU
	EndGlobalSection
	GlobalSection(ProjectConfigurationPlatforms) = postSolution
		{5B79A9B1-AB27-4944-B5D6-2EC5A83B1E2E}.Debug|Any CPU.ActiveCfg = Debug|Any CPU
		{5B79A9B1-AB27-4944-B5D6-2EC5A83B1E2E}.Debug|Any CPU.Build.0 = Debug|Any CPU
		{5B79A9B1-AB27-4944-B5D6-2EC5A83B1E2E}.Release|Any CPU.ActiveCfg = Release|Any CPU
		{5B79A9B1-AB27-4944-B5D6-2EC5A83B1E2E}.Release|Any CPU.Build.0 = Release|Any CPU
	EndGlobalSection
	GlobalSection(SolutionProperties) = preSolution
		HideSolutionNode = FALSE
	EndGlobalSection
	GlobalSection(ExtensibilityGlobals) = postSolution
		SolutionGuid = {596A24A9-1538-4951-A885-4907AB5F1702}
	EndGlobalSection
EndGlobal
